// !$*UTF8*$!
{
	archiveVersion = 1;
	classes = {
	};
	objectVersion = 50;
	objects = {

/* Begin PBXBuildFile section */
		54E3D75327E0DE1800A78B50 /* AppDelegate.swift in Sources */ = {isa = PBXBuildFile; fileRef = 54E3D75227E0DE1800A78B50 /* AppDelegate.swift */; };
		54E3D75527E0DE1800A78B50 /* SceneDelegate.swift in Sources */ = {isa = PBXBuildFile; fileRef = 54E3D75427E0DE1800A78B50 /* SceneDelegate.swift */; };
		54E3D75727E0DE1800A78B50 /* ViewController.swift in Sources */ = {isa = PBXBuildFile; fileRef = 54E3D75627E0DE1800A78B50 /* ViewController.swift */; };
		54E3D75A27E0DE1800A78B50 /* Main.storyboard in Resources */ = {isa = PBXBuildFile; fileRef = 54E3D75827E0DE1800A78B50 /* Main.storyboard */; };
		54E3D75C27E0DE1B00A78B50 /* Assets.xcassets in Resources */ = {isa = PBXBuildFile; fileRef = 54E3D75B27E0DE1B00A78B50 /* Assets.xcassets */; };
		54E3D75F27E0DE1B00A78B50 /* LaunchScreen.storyboard in Resources */ = {isa = PBXBuildFile; fileRef = 54E3D75D27E0DE1B00A78B50 /* LaunchScreen.storyboard */; };
/* End PBXBuildFile section */

/* Begin PBXFileReference section */
		54E3D74F27E0DE1800A78B50 /* BinarAcademy.app */ = {isa = PBXFileReference; explicitFileType = wrapper.application; includeInIndex = 0; path = BinarAcademy.app; sourceTree = BUILT_PRODUCTS_DIR; };
		54E3D75227E0DE1800A78B50 /* AppDelegate.swift */ = {isa = PBXFileReference; lastKnownFileType = sourcecode.swift; path = AppDelegate.swift; sourceTree = "<group>"; };
		54E3D75427E0DE1800A78B50 /* SceneDelegate.swift */ = {isa = PBXFileReference; lastKnownFileType = sourcecode.swift; path = SceneDelegate.swift; sourceTree = "<group>"; };
		54E3D75627E0DE1800A78B50 /* ViewController.swift */ = {isa = PBXFileReference; lastKnownFileType = sourcecode.swift; path = ViewController.swift; sourceTree = "<group>"; };
		54E3D75927E0DE1800A78B50 /* Base */ = {isa = PBXFileReference; lastKnownFileType = file.storyboard; name = Base; path = Base.lproj/Main.storyboard; sourceTree = "<group>"; };
		54E3D75B27E0DE1B00A78B50 /* Assets.xcassets */ = {isa = PBXFileReference; lastKnownFileType = folder.assetcatalog; path = Assets.xcassets; sourceTree = "<group>"; };
		54E3D75E27E0DE1B00A78B50 /* Base */ = {isa = PBXFileReference; lastKnownFileType = file.storyboard; name = Base; path = Base.lproj/LaunchScreen.storyboard; sourceTree = "<group>"; };
		54E3D76027E0DE1B00A78B50 /* Info.plist */ = {isa = PBXFileReference; lastKnownFileType = text.plist.xml; path = Info.plist; sourceTree = "<group>"; };
/* End PBXFileReference section */

/* Begin PBXFrameworksBuildPhase section */
		54E3D74C27E0DE1800A78B50 /* Frameworks */ = {
			isa = PBXFrameworksBuildPhase;
			buildActionMask = 2147483647;
			files = (
			);
			runOnlyForDeploymentPostprocessing = 0;
		};
/* End PBXFrameworksBuildPhase section */

/* Begin PBXGroup section */
		54E3D74627E0DE1800A78B50 = {
			isa = PBXGroup;
			children = (
				54E3D75127E0DE1800A78B50 /* BinarAcademy */,
				54E3D75027E0DE1800A78B50 /* Products */,
			);
			sourceTree = "<group>";
		};
		54E3D75027E0DE1800A78B50 /* Products */ = {
			isa = PBXGroup;
			children = (
				54E3D74F27E0DE1800A78B50 /* BinarAcademy.app */,
			);
			name = Products;
			sourceTree = "<group>";
		};
		54E3D75127E0DE1800A78B50 /* BinarAcademy */ = {
			isa = PBXGroup;
			children = (
				54E3D75227E0DE1800A78B50 /* AppDelegate.swift */,
				54E3D75427E0DE1800A78B50 /* SceneDelegate.swift */,
				54E3D75627E0DE1800A78B50 /* ViewController.swift */,
				54E3D75827E0DE1800A78B50 /* Main.storyboard */,
				54E3D75B27E0DE1B00A78B50 /* Assets.xcassets */,
				54E3D75D27E0DE1B00A78B50 /* LaunchScreen.storyboard */,
				54E3D76027E0DE1B00A78B50 /* Info.plist */,
			);
			path = BinarAcademy;
			sourceTree = "<group>";
		};
/* End PBXGroup section */

/* Begin PBXNativeTarget section */
		54E3D74E27E0DE1800A78B50 /* BinarAcademy */ = {
			isa = PBXNativeTarget;
			buildConfigurationList = 54E3D76327E0DE1B00A78B50 /* Build configuration list for PBXNativeTarget "BinarAcademy" */;
			buildPhases = (
				54E3D74B27E0DE1800A78B50 /* Sources */,
				54E3D74C27E0DE1800A78B50 /* Frameworks */,
				54E3D74D27E0DE1800A78B50 /* Resources */,
			);
			buildRules = (
			);
			dependencies = (
			);
			name = BinarAcademy;
			productName = BinarAcademy;
			productReference = 54E3D74F27E0DE1800A78B50 /* BinarAcademy.app */;
			productType = "com.apple.product-type.application";
		};
/* End PBXNativeTarget section */

/* Begin PBXProject section */
		54E3D74727E0DE1800A78B50 /* Project object */ = {
			isa = PBXProject;
			attributes = {
				LastSwiftUpdateCheck = 1130;
				LastUpgradeCheck = 1130;
				ORGANIZATIONNAME = Akbar;
				TargetAttributes = {
					54E3D74E27E0DE1800A78B50 = {
						CreatedOnToolsVersion = 11.3.1;
					};
				};
			};
			buildConfigurationList = 54E3D74A27E0DE1800A78B50 /* Build configuration list for PBXProject "BinarAcademy" */;
			compatibilityVersion = "Xcode 9.3";
			developmentRegion = en;
			hasScannedForEncodings = 0;
			knownRegions = (
				en,
				Base,
			);
			mainGroup = 54E3D74627E0DE1800A78B50;
			productRefGroup = 54E3D75027E0DE1800A78B50 /* Products */;
			projectDirPath = "";
			projectRoot = "";
			targets = (
				54E3D74E27E0DE1800A78B50 /* BinarAcademy */,
			);
		};
/* End PBXProject section */

/* Begin PBXResourcesBuildPhase section */
		54E3D74D27E0DE1800A78B50 /* Resources */ = {
			isa = PBXResourcesBuildPhase;
			buildActionMask = 2147483647;
			files = (
				54E3D75F27E0DE1B00A78B50 /* LaunchScreen.storyboard in Resources */,
				54E3D75C27E0DE1B00A78B50 /* Assets.xcassets in Resources */,
				54E3D75A27E0DE1800A78B50 /* Main.storyboard in Resources */,
			);
			runOnlyForDeploymentPostprocessing = 0;
		};
/* End PBXResourcesBuildPhase section */

/* Begin PBXSourcesBuildPhase section */
		54E3D74B27E0DE1800A78B50 /* Sources */ = {
			isa = PBXSourcesBuildPhase;
			buildActionMask = 2147483647;
			files = (
				54E3D75727E0DE1800A78B50 /* ViewController.swift in Sources */,
				54E3D75327E0DE1800A78B50 /* AppDelegate.swift in Sources */,
				54E3D75527E0DE1800A78B50 /* SceneDelegate.swift in Sources */,
			);
			runOnlyForDeploymentPostprocessing = 0;
		};
/* End PBXSourcesBuildPhase section */

/* Begin PBXVariantGroup section */
		54E3D75827E0DE1800A78B50 /* Main.storyboard */ = {
			isa = PBXVariantGroup;
			children = (
				54E3D75927E0DE1800A78B50 /* Base */,
			);
			name = Main.storyboard;
			sourceTree = "<group>";
		};
		54E3D75D27E0DE1B00A78B50 /* LaunchScreen.storyboard */ = {
			isa = PBXVariantGroup;
			children = (
				54E3D75E27E0DE1B00A78B50 /* Base */,
			);
			name = LaunchScreen.storyboard;
			sourceTree = "<group>";
		};
/* End PBXVariantGroup section */

/* Begin XCBuildConfiguration section */
		54E3D76127E0DE1B00A78B50 /* Debug */ = {
			isa = XCBuildConfiguration;
			buildSettings = {
				ALWAYS_SEARCH_USER_PATHS = NO;
				CLANG_ANALYZER_NONNULL = YES;
				CLANG_ANALYZER_NUMBER_OBJECT_CONVERSION = YES_AGGRESSIVE;
				CLANG_CXX_LANGUAGE_STANDARD = "gnu++14";
				CLANG_CXX_LIBRARY = "libc++";
				CLANG_ENABLE_MODULES = YES;
				CLANG_ENABLE_OBJC_ARC = YES;
				CLANG_ENABLE_OBJC_WEAK = YES;
				CLANG_WARN_BLOCK_CAPTURE_AUTORELEASING = YES;
				CLANG_WARN_BOOL_CONVERSION = YES;
				CLANG_WARN_COMMA = YES;
				CLANG_WARN_CONSTANT_CONVERSION = YES;
				CLANG_WARN_DEPRECATED_OBJC_IMPLEMENTATIONS = YES;
				CLANG_WARN_DIRECT_OBJC_ISA_USAGE = YES_ERROR;
				CLANG_WARN_DOCUMENTATION_COMMENTS = YES;
				CLANG_WARN_EMPTY_BODY = YES;
				CLANG_WARN_ENUM_CONVERSION = YES;
				CLANG_WARN_INFINITE_RECURSION = YES;
				CLANG_WARN_INT_CONVERSION = YES;
				CLANG_WARN_NON_LITERAL_NULL_CONVERSION = YES;
				CLANG_WARN_OBJC_IMPLICIT_RETAIN_SELF = YES;
				CLANG_WARN_OBJC_LITERAL_CONVERSION = YES;
				CLANG_WARN_OBJC_ROOT_CLASS = YES_ERROR;
				CLANG_WARN_RANGE_LOOP_ANALYSIS = YES;
				CLANG_WARN_STRICT_PROTOTYPES = YES;
				CLANG_WARN_SUSPICIOUS_MOVE = YES;
				CLANG_WARN_UNGUARDED_AVAILABILITY = YES_AGGRESSIVE;
				CLANG_WARN_UNREACHABLE_CODE = YES;
				CLANG_WARN__DUPLICATE_METHOD_MATCH = YES;
				COPY_PHASE_STRIP = NO;
				DEBUG_INFORMATION_FORMAT = dwarf;
				ENABLE_STRICT_OBJC_MSGSEND = YES;
				ENABLE_TESTABILITY = YES;
				GCC_C_LANGUAGE_STANDARD = gnu11;
				GCC_DYNAMIC_NO_PIC = NO;
				GCC_NO_COMMON_BLOCKS = YES;
				GCC_OPTIMIZATION_LEVEL = 0;
				GCC_PREPROCESSOR_DEFINITIONS = (
					"DEBUG=1",
					"$(inherited)",
				);
				GCC_WARN_64_TO_32_BIT_CONVERSION = YES;
				GCC_WARN_ABOUT_RETURN_TYPE = YES_ERROR;
				GCC_WARN_UNDECLARED_SELECTOR = YES;
				GCC_WARN_UNINITIALIZED_AUTOS = YES_AGGRESSIVE;
				GCC_WARN_UNUSED_FUNCTION = YES;
				GCC_WARN_UNUSED_VARIABLE = YES;
				IPHONEOS_DEPLOYMENT_TARGET = 13.2;
				MTL_ENABLE_DEBUG_INFO = INCLUDE_SOURCE;
				MTL_FAST_MATH = YES;
				ONLY_ACTIVE_ARCH = YES;
				SDKROOT = iphoneos;
				SWIFT_ACTIVE_COMPILATION_CONDITIONS = DEBUG;
				SWIFT_OPTIMIZATION_LEVEL = "-Onone";
			};
			name = Debug;
		};
		54E3D76227E0DE1B00A78B50 /* Release */ = {
			isa = XCBuildConfiguration;
			buildSettings = {
				ALWAYS_SEARCH_USER_PATHS = NO;
				CLANG_ANALYZER_NONNULL = YES;
				CLANG_ANALYZER_NUMBER_OBJECT_CONVERSION = YES_AGGRESSIVE;
				CLANG_CXX_LANGUAGE_STANDARD = "gnu++14";
				CLANG_CXX_LIBRARY = "libc++";
				CLANG_ENABLE_MODULES = YES;
				CLANG_ENABLE_OBJC_ARC = YES;
				CLANG_ENABLE_OBJC_WEAK = YES;
				CLANG_WARN_BLOCK_CAPTURE_AUTORELEASING = YES;
				CLANG_WARN_BOOL_CONVERSION = YES;
				CLANG_WARN_COMMA = YES;
				CLANG_WARN_CONSTANT_CONVERSION = YES;
				CLANG_WARN_DEPRECATED_OBJC_IMPLEMENTATIONS = YES;
				CLANG_WARN_DIRECT_OBJC_ISA_USAGE = YES_ERROR;
				CLANG_WARN_DOCUMENTATION_COMMENTS = YES;
				CLANG_WARN_EMPTY_BODY = YES;
				CLANG_WARN_ENUM_CONVERSION = YES;
				CLANG_WARN_INFINITE_RECURSION = YES;
				CLANG_WARN_INT_CONVERSION = YES;
				CLANG_WARN_NON_LITERAL_NULL_CONVERSION = YES;
				CLANG_WARN_OBJC_IMPLICIT_RETAIN_SELF = YES;
				CLANG_WARN_OBJC_LITERAL_CONVERSION = YES;
				CLANG_WARN_OBJC_ROOT_CLASS = YES_ERROR;
				CLANG_WARN_RANGE_LOOP_ANALYSIS = YES;
				CLANG_WARN_STRICT_PROTOTYPES = YES;
				CLANG_WARN_SUSPICIOUS_MOVE = YES;
				CLANG_WARN_UNGUARDED_AVAILABILITY = YES_AGGRESSIVE;
				CLANG_WARN_UNREACHABLE_CODE = YES;
				CLANG_WARN__DUPLICATE_METHOD_MATCH = YES;
				COPY_PHASE_STRIP = NO;
				DEBUG_INFORMATION_FORMAT = "dwarf-with-dsym";
				ENABLE_NS_ASSERTIONS = NO;
				ENABLE_STRICT_OBJC_MSGSEND = YES;
				GCC_C_LANGUAGE_STANDARD = gnu11;
				GCC_NO_COMMON_BLOCKS = YES;
				GCC_WARN_64_TO_32_BIT_CONVERSION = YES;
				GCC_WARN_ABOUT_RETURN_TYPE = YES_ERROR;
				GCC_WARN_UNDECLARED_SELECTOR = YES;
				GCC_WARN_UNINITIALIZED_AUTOS = YES_AGGRESSIVE;
				GCC_WARN_UNUSED_FUNCTION = YES;
				GCC_WARN_UNUSED_VARIABLE = YES;
				IPHONEOS_DEPLOYMENT_TARGET = 13.2;
				MTL_ENABLE_DEBUG_INFO = NO;
				MTL_FAST_MATH = YES;
				SDKROOT = iphoneos;
				SWIFT_COMPILATION_MODE = wholemodule;
				SWIFT_OPTIMIZATION_LEVEL = "-O";
				VALIDATE_PRODUCT = YES;
			};
			name = Release;
		};
		54E3D76427E0DE1B00A78B50 /* Debug */ = {
			isa = XCBuildConfiguration;
			buildSettings = {
				ASSETCATALOG_COMPILER_APPICON_NAME = AppIcon;
				CODE_SIGN_STYLE = Automatic;
				DEVELOPMENT_TEAM = 4UW9M4RY76;
				INFOPLIST_FILE = BinarAcademy/Info.plist;
				LD_RUNPATH_SEARCH_PATHS = (
					"$(inherited)",
					"@executable_path/Frameworks",
				);
				PRODUCT_BUNDLE_IDENTIFIER = com.BinarAcademy;
				PRODUCT_NAME = "$(TARGET_NAME)";
				SWIFT_VERSION = 5.0;
				TARGETED_DEVICE_FAMILY = "1,2";
			};
			name = Debug;
		};
		54E3D76527E0DE1B00A78B50 /* Release */ = {
			isa = XCBuildConfiguration;
			buildSettings = {
				ASSETCATALOG_COMPILER_APPICON_NAME = AppIcon;
				CODE_SIGN_STYLE = Automatic;
				DEVELOPMENT_TEAM = 4UW9M4RY76;
				INFOPLIST_FILE = BinarAcademy/Info.plist;
				LD_RUNPATH_SEARCH_PATHS = (
					"$(inherited)",
					"@executable_path/Frameworks",
				);
				PRODUCT_BUNDLE_IDENTIFIER = com.BinarAcademy;
				PRODUCT_NAME = "$(TARGET_NAME)";
				SWIFT_VERSION = 5.0;
				TARGETED_DEVICE_FAMILY = "1,2";
			};
			name = Release;
		};
/* End XCBuildConfiguration section */

/* Begin XCConfigurationList section */
		54E3D74A27E0DE1800A78B50 /* Build configuration list for PBXProject "BinarAcademy" */ = {
			isa = XCConfigurationList;
			buildConfigurations = (
				54E3D76127E0DE1B00A78B50 /* Debug */,
				54E3D76227E0DE1B00A78B50 /* Release */,
			);
			defaultConfigurationIsVisible = 0;
			defaultConfigurationName = Release;
		};
		54E3D76327E0DE1B00A78B50 /* Build configuration list for PBXNativeTarget "BinarAcademy" */ = {
			isa = XCConfigurationList;
			buildConfigurations = (
				54E3D76427E0DE1B00A78B50 /* Debug */,
				54E3D76527E0DE1B00A78B50 /* Release */,
			);
			defaultConfigurationIsVisible = 0;
			defaultConfigurationName = Release;
		};
/* End XCConfigurationList section */
	};
	rootObject = 54E3D74727E0DE1800A78B50 /* Project object */;
}
